
Microsoft Visual Studio Solution File, Format Version 12.00
# Visual Studio 15
VisualStudioVersion = 15.0.28010.2041
MinimumVisualStudioVersion = 10.0.40219.1
Project("{FAE04EC0-301F-11D3-BF4B-00C04F79EFBC}") = "DevOpsCore.MVC", "DevOpsCore.MVC\DevOpsCore.MVC.csproj", "{A9194A2C-B8F5-4942-9EE5-F7CF3ED3EECA}"
EndProject
Global
	GlobalSection(SolutionConfigurationPlatforms) = preSolution
		Debug|Any CPU = Debug|Any CPU
		Release|Any CPU = Release|Any CPU
	EndGlobalSection
	GlobalSection(ProjectConfigurationPlatforms) = postSolution
		{A9194A2C-B8F5-4942-9EE5-F7CF3ED3EECA}.Debug|Any CPU.ActiveCfg = Debug|Any CPU
		{A9194A2C-B8F5-4942-9EE5-F7CF3ED3EECA}.Debug|Any CPU.Build.0 = Debug|Any CPU
		{A9194A2C-B8F5-4942-9EE5-F7CF3ED3EECA}.Release|Any CPU.ActiveCfg = Release|Any CPU
		{A9194A2C-B8F5-4942-9EE5-F7CF3ED3EECA}.Release|Any CPU.Build.0 = Release|Any CPU
	EndGlobalSection
	GlobalSection(SolutionProperties) = preSolution
		HideSolutionNode = FALSE
	EndGlobalSection
	GlobalSection(ExtensibilityGlobals) = postSolution
		SolutionGuid = {758A6AC9-7EEC-4D81-87BC-C071F5EB6BAF}
	EndGlobalSection
EndGlobal
